
Microsoft Visual Studio Solution File, Format Version 12.00
# Visual Studio Version 16
VisualStudioVersion = 16.0.29613.14
MinimumVisualStudioVersion = 10.0.40219.1
Project("{8BC9CEB8-8B4A-11D0-8D11-00A0C91BC942}") = "SyDesk", "SyDesk.vcxproj", "{CE78A5D6-F83F-4FED-8882-18B299B6A4A4}"
EndProject
Global
	GlobalSection(SolutionConfigurationPlatforms) = preSolution
		Debug|x64 = Debug|x64
		Release|x64 = Release|x64
	EndGlobalSection
	GlobalSection(ProjectConfigurationPlatforms) = postSolution
		{CE78A5D6-F83F-4FED-8882-18B299B6A4A4}.Debug|x64.ActiveCfg = Debug|x64
		{CE78A5D6-F83F-4FED-8882-18B299B6A4A4}.Debug|x64.Build.0 = Debug|x64
		{CE78A5D6-F83F-4FED-8882-18B299B6A4A4}.Release|x64.ActiveCfg = Release|x64
		{CE78A5D6-F83F-4FED-8882-18B299B6A4A4}.Release|x64.Build.0 = Release|x64
	EndGlobalSection
	GlobalSection(SolutionProperties) = preSolution
		HideSolutionNode = FALSE
	EndGlobalSection
	GlobalSection(ExtensibilityGlobals) = postSolution
		SolutionGuid = {3930F6BE-201B-49E8-BD97-067FC46EC0F3}
	EndGlobalSection
EndGlobal
